
Microsoft Visual Studio Solution File, Format Version 12.00
# Visual Studio Version 17
VisualStudioVersion = 17.7.34202.233
MinimumVisualStudioVersion = 10.0.40219.1
Project("{2150E333-8FDC-42A3-9474-1A3956D46DE8}") = "Solution Items", "Solution Items", "{23566904-DB95-4A2F-9535-D34B39F0655D}"
	ProjectSection(SolutionItems) = preProject
		.editorconfig = .editorconfig
		.gitattributes = .gitattributes
		.gitignore = .gitignore
		CHANGELOG.md = CHANGELOG.md
		docker-compose.yml = docker-compose.yml
		LICENSE = LICENSE
		README.md = README.md
	EndProjectSection
EndProject
Project("{9A19103F-16F7-4668-BE54-9A1E7A4F7556}") = "Logitar.Identity.Domain", "src\Logitar.Identity.Domain\Logitar.Identity.Domain.csproj", "{45A1F357-A3DE-4FCC-8E67-3CF73DB726E1}"
EndProject
Project("{9A19103F-16F7-4668-BE54-9A1E7A4F7556}") = "Logitar.Identity.EntityFrameworkCore.Relational", "src\Logitar.Identity.EntityFrameworkCore.Relational\Logitar.Identity.EntityFrameworkCore.Relational.csproj", "{294BBD2E-4893-43E7-86E3-ADE6731C5F30}"
EndProject
Project("{9A19103F-16F7-4668-BE54-9A1E7A4F7556}") = "Logitar.Identity.Infrastructure", "src\Logitar.Identity.Infrastructure\Logitar.Identity.Infrastructure.csproj", "{9C96E22C-AB14-48E7-BAB8-B1CE36E6C9A0}"
EndProject
Project("{9A19103F-16F7-4668-BE54-9A1E7A4F7556}") = "Logitar.Identity.EntityFrameworkCore.SqlServer", "src\Logitar.Identity.EntityFrameworkCore.SqlServer\Logitar.Identity.EntityFrameworkCore.SqlServer.csproj", "{A62B8ED9-6DDB-42F4-B74B-AFF39E4DF298}"
EndProject
Project("{9A19103F-16F7-4668-BE54-9A1E7A4F7556}") = "Logitar.Identity.Demo", "src\Logitar.Identity.Demo\Logitar.Identity.Demo.csproj", "{8D6BCC15-F610-4408-B425-18CD29C164C1}"
EndProject
Project("{2150E333-8FDC-42A3-9474-1A3956D46DE8}") = "Tests", "Tests", "{BCB8A692-DF88-4E50-91A7-AD91E466559C}"
EndProject
Project("{9A19103F-16F7-4668-BE54-9A1E7A4F7556}") = "Logitar.Identity.Domain.UnitTests", "tests\Logitar.Identity.Domain.UnitTests\Logitar.Identity.Domain.UnitTests.csproj", "{9A27A378-14E7-4D3C-B847-27D0D4EFA8F9}"
EndProject
Project("{9A19103F-16F7-4668-BE54-9A1E7A4F7556}") = "Logitar.Identity.EFCore.SqlServer.IntegrationTests", "tests\Logitar.Identity.EFCore.SqlServer.IntegrationTests\Logitar.Identity.EFCore.SqlServer.IntegrationTests.csproj", "{FA9AB722-026B-4842-B888-E9824568CBC1}"
EndProject
Project("{9A19103F-16F7-4668-BE54-9A1E7A4F7556}") = "Logitar.Identity.Infrastructure.UnitTests", "tests\Logitar.Identity.Infrastructure.UnitTests\Logitar.Identity.Infrastructure.UnitTests.csproj", "{04C669C6-0B63-45A1-8F0F-16A7E7FC023E}"
EndProject
Project("{9A19103F-16F7-4668-BE54-9A1E7A4F7556}") = "Logitar.Identity.Tests", "tests\Logitar.Identity.Tests\Logitar.Identity.Tests.csproj", "{D0781AC3-5827-4DAE-BBAD-481634FF3C0F}"
EndProject
Project("{9A19103F-16F7-4668-BE54-9A1E7A4F7556}") = "Logitar.Identity.Contracts", "src\Logitar.Identity.Contracts\Logitar.Identity.Contracts.csproj", "{0E9D9B1A-B62C-4036-91B8-6E34CAA5F938}"
EndProject
Project("{FAE04EC0-301F-11D3-BF4B-00C04F79EFBC}") = "Logitar.Identity.EntityFrameworkCore.PostgreSQL", "src\Logitar.Identity.EntityFrameworkCore.PostgreSQL\Logitar.Identity.EntityFrameworkCore.PostgreSQL.csproj", "{B06204BC-FE92-4C5E-9A70-25D100AB5857}"
EndProject
Global
	GlobalSection(SolutionConfigurationPlatforms) = preSolution
		Debug|Any CPU = Debug|Any CPU
		Release|Any CPU = Release|Any CPU
	EndGlobalSection
	GlobalSection(ProjectConfigurationPlatforms) = postSolution
		{45A1F357-A3DE-4FCC-8E67-3CF73DB726E1}.Debug|Any CPU.ActiveCfg = Debug|Any CPU
		{45A1F357-A3DE-4FCC-8E67-3CF73DB726E1}.Debug|Any CPU.Build.0 = Debug|Any CPU
		{45A1F357-A3DE-4FCC-8E67-3CF73DB726E1}.Release|Any CPU.ActiveCfg = Release|Any CPU
		{45A1F357-A3DE-4FCC-8E67-3CF73DB726E1}.Release|Any CPU.Build.0 = Release|Any CPU
		{294BBD2E-4893-43E7-86E3-ADE6731C5F30}.Debug|Any CPU.ActiveCfg = Debug|Any CPU
		{294BBD2E-4893-43E7-86E3-ADE6731C5F30}.Debug|Any CPU.Build.0 = Debug|Any CPU
		{294BBD2E-4893-43E7-86E3-ADE6731C5F30}.Release|Any CPU.ActiveCfg = Release|Any CPU
		{294BBD2E-4893-43E7-86E3-ADE6731C5F30}.Release|Any CPU.Build.0 = Release|Any CPU
		{9C96E22C-AB14-48E7-BAB8-B1CE36E6C9A0}.Debug|Any CPU.ActiveCfg = Debug|Any CPU
		{9C96E22C-AB14-48E7-BAB8-B1CE36E6C9A0}.Debug|Any CPU.Build.0 = Debug|Any CPU
		{9C96E22C-AB14-48E7-BAB8-B1CE36E6C9A0}.Release|Any CPU.ActiveCfg = Release|Any CPU
		{9C96E22C-AB14-48E7-BAB8-B1CE36E6C9A0}.Release|Any CPU.Build.0 = Release|Any CPU
		{A62B8ED9-6DDB-42F4-B74B-AFF39E4DF298}.Debug|Any CPU.ActiveCfg = Debug|Any CPU
		{A62B8ED9-6DDB-42F4-B74B-AFF39E4DF298}.Debug|Any CPU.Build.0 = Debug|Any CPU
		{A62B8ED9-6DDB-42F4-B74B-AFF39E4DF298}.Release|Any CPU.ActiveCfg = Release|Any CPU
		{A62B8ED9-6DDB-42F4-B74B-AFF39E4DF298}.Release|Any CPU.Build.0 = Release|Any CPU
		{8D6BCC15-F610-4408-B425-18CD29C164C1}.Debug|Any CPU.ActiveCfg = Debug|Any CPU
		{8D6BCC15-F610-4408-B425-18CD29C164C1}.Debug|Any CPU.Build.0 = Debug|Any CPU
		{8D6BCC15-F610-4408-B425-18CD29C164C1}.Release|Any CPU.ActiveCfg = Release|Any CPU
		{8D6BCC15-F610-4408-B425-18CD29C164C1}.Release|Any CPU.Build.0 = Release|Any CPU
		{9A27A378-14E7-4D3C-B847-27D0D4EFA8F9}.Debug|Any CPU.ActiveCfg = Debug|Any CPU
		{9A27A378-14E7-4D3C-B847-27D0D4EFA8F9}.Debug|Any CPU.Build.0 = Debug|Any CPU
		{9A27A378-14E7-4D3C-B847-27D0D4EFA8F9}.Release|Any CPU.ActiveCfg = Release|Any CPU
		{9A27A378-14E7-4D3C-B847-27D0D4EFA8F9}.Release|Any CPU.Build.0 = Release|Any CPU
		{FA9AB722-026B-4842-B888-E9824568CBC1}.Debug|Any CPU.ActiveCfg = Debug|Any CPU
		{FA9AB722-026B-4842-B888-E9824568CBC1}.Debug|Any CPU.Build.0 = Debug|Any CPU
		{FA9AB722-026B-4842-B888-E9824568CBC1}.Release|Any CPU.ActiveCfg = Release|Any CPU
		{FA9AB722-026B-4842-B888-E9824568CBC1}.Release|Any CPU.Build.0 = Release|Any CPU
		{04C669C6-0B63-45A1-8F0F-16A7E7FC023E}.Debug|Any CPU.ActiveCfg = Debug|Any CPU
		{04C669C6-0B63-45A1-8F0F-16A7E7FC023E}.Debug|Any CPU.Build.0 = Debug|Any CPU
		{04C669C6-0B63-45A1-8F0F-16A7E7FC023E}.Release|Any CPU.ActiveCfg = Release|Any CPU
		{04C669C6-0B63-45A1-8F0F-16A7E7FC023E}.Release|Any CPU.Build.0 = Release|Any CPU
		{D0781AC3-5827-4DAE-BBAD-481634FF3C0F}.Debug|Any CPU.ActiveCfg = Debug|Any CPU
		{D0781AC3-5827-4DAE-BBAD-481634FF3C0F}.Debug|Any CPU.Build.0 = Debug|Any CPU
		{D0781AC3-5827-4DAE-BBAD-481634FF3C0F}.Release|Any CPU.ActiveCfg = Release|Any CPU
		{D0781AC3-5827-4DAE-BBAD-481634FF3C0F}.Release|Any CPU.Build.0 = Release|Any CPU
		{0E9D9B1A-B62C-4036-91B8-6E34CAA5F938}.Debug|Any CPU.ActiveCfg = Debug|Any CPU
		{0E9D9B1A-B62C-4036-91B8-6E34CAA5F938}.Debug|Any CPU.Build.0 = Debug|Any CPU
		{0E9D9B1A-B62C-4036-91B8-6E34CAA5F938}.Release|Any CPU.ActiveCfg = Release|Any CPU
		{0E9D9B1A-B62C-4036-91B8-6E34CAA5F938}.Release|Any CPU.Build.0 = Release|Any CPU
		{B06204BC-FE92-4C5E-9A70-25D100AB5857}.Debug|Any CPU.ActiveCfg = Debug|Any CPU
		{B06204BC-FE92-4C5E-9A70-25D100AB5857}.Debug|Any CPU.Build.0 = Debug|Any CPU
		{B06204BC-FE92-4C5E-9A70-25D100AB5857}.Release|Any CPU.ActiveCfg = Release|Any CPU
		{B06204BC-FE92-4C5E-9A70-25D100AB5857}.Release|Any CPU.Build.0 = Release|Any CPU
	EndGlobalSection
	GlobalSection(SolutionProperties) = preSolution
		HideSolutionNode = FALSE
	EndGlobalSection
	GlobalSection(NestedProjects) = preSolution
		{9A27A378-14E7-4D3C-B847-27D0D4EFA8F9} = {BCB8A692-DF88-4E50-91A7-AD91E466559C}
		{FA9AB722-026B-4842-B888-E9824568CBC1} = {BCB8A692-DF88-4E50-91A7-AD91E466559C}
		{04C669C6-0B63-45A1-8F0F-16A7E7FC023E} = {BCB8A692-DF88-4E50-91A7-AD91E466559C}
		{D0781AC3-5827-4DAE-BBAD-481634FF3C0F} = {BCB8A692-DF88-4E50-91A7-AD91E466559C}
	EndGlobalSection
	GlobalSection(ExtensibilityGlobals) = postSolution
		SolutionGuid = {45FD7647-C5AB-4CE1-A93C-59A73FDD2196}
	EndGlobalSection
EndGlobal
