
Microsoft Visual Studio Solution File, Format Version 12.00
# Visual Studio Version 17
VisualStudioVersion = 17.7.34202.233
MinimumVisualStudioVersion = 10.0.40219.1
Project("{2150E333-8FDC-42A3-9474-1A3956D46DE8}") = "Solution Items", "Solution Items", "{23566904-DB95-4A2F-9535-D34B39F0655D}"
	ProjectSection(SolutionItems) = preProject
		.dockerignore = .dockerignore
		.editorconfig = .editorconfig
		.gitattributes = .gitattributes
		.gitignore = .gitignore
		CHANGELOG.md = CHANGELOG.md
		docker-compose.yml = docker-compose.yml
		LICENSE = LICENSE
		README.md = README.md
	EndProjectSection
EndProject
Project("{9A19103F-16F7-4668-BE54-9A1E7A4F7556}") = "Logitar.Identity", "src\Logitar.Identity\Logitar.Identity.csproj", "{7D392FED-9B0B-48E1-8D63-D545C1990BAB}"
EndProject
Global
	GlobalSection(SolutionConfigurationPlatforms) = preSolution
		Debug|Any CPU = Debug|Any CPU
		Release|Any CPU = Release|Any CPU
	EndGlobalSection
	GlobalSection(ProjectConfigurationPlatforms) = postSolution
		{7D392FED-9B0B-48E1-8D63-D545C1990BAB}.Debug|Any CPU.ActiveCfg = Debug|Any CPU
		{7D392FED-9B0B-48E1-8D63-D545C1990BAB}.Debug|Any CPU.Build.0 = Debug|Any CPU
		{7D392FED-9B0B-48E1-8D63-D545C1990BAB}.Release|Any CPU.ActiveCfg = Release|Any CPU
		{7D392FED-9B0B-48E1-8D63-D545C1990BAB}.Release|Any CPU.Build.0 = Release|Any CPU
	EndGlobalSection
	GlobalSection(SolutionProperties) = preSolution
		HideSolutionNode = FALSE
	EndGlobalSection
	GlobalSection(ExtensibilityGlobals) = postSolution
		SolutionGuid = {45FD7647-C5AB-4CE1-A93C-59A73FDD2196}
	EndGlobalSection
EndGlobal
